// !$*UTF8*$!
{
	archiveVersion = 1;
	classes = {
	};
	objectVersion = 56;
	objects = {

/* Begin PBXBuildFile section */
		412310D429903CAD00DD7491 /* First_ProjectApp.swift in Sources */ = {isa = PBXBuildFile; fileRef = 412310D329903CAD00DD7491 /* First_ProjectApp.swift */; };
		412310D629903CAD00DD7491 /* ContentView.swift in Sources */ = {isa = PBXBuildFile; fileRef = 412310D529903CAD00DD7491 /* ContentView.swift */; };
		412310D829903CAF00DD7491 /* Assets.xcassets in Resources */ = {isa = PBXBuildFile; fileRef = 412310D729903CAF00DD7491 /* Assets.xcassets */; };
		412310DB29903CAF00DD7491 /* Preview Assets.xcassets in Resources */ = {isa = PBXBuildFile; fileRef = 412310DA29903CAF00DD7491 /* Preview Assets.xcassets */; };
		412310E529903CAF00DD7491 /* First_ProjectTests.swift in Sources */ = {isa = PBXBuildFile; fileRef = 412310E429903CAF00DD7491 /* First_ProjectTests.swift */; };
		412310EF29903CAF00DD7491 /* First_ProjectUITests.swift in Sources */ = {isa = PBXBuildFile; fileRef = 412310EE29903CAF00DD7491 /* First_ProjectUITests.swift */; };
		412310F129903CAF00DD7491 /* First_ProjectUITestsLaunchTests.swift in Sources */ = {isa = PBXBuildFile; fileRef = 412310F029903CAF00DD7491 /* First_ProjectUITestsLaunchTests.swift */; };
		412310FE29923E4F00DD7491 /* TotalText.swift in Sources */ = {isa = PBXBuildFile; fileRef = 412310FD29923E4F00DD7491 /* TotalText.swift */; };
		412311002992408200DD7491 /* CalculatorButton.swift in Sources */ = {isa = PBXBuildFile; fileRef = 412310FF2992408200DD7491 /* CalculatorButton.swift */; };
/* End PBXBuildFile section */

/* Begin PBXContainerItemProxy section */
		412310E129903CAF00DD7491 /* PBXContainerItemProxy */ = {
			isa = PBXContainerItemProxy;
			containerPortal = 412310C829903CAD00DD7491 /* Project object */;
			proxyType = 1;
			remoteGlobalIDString = 412310CF29903CAD00DD7491;
			remoteInfo = "First Project";
		};
		412310EB29903CAF00DD7491 /* PBXContainerItemProxy */ = {
			isa = PBXContainerItemProxy;
			containerPortal = 412310C829903CAD00DD7491 /* Project object */;
			proxyType = 1;
			remoteGlobalIDString = 412310CF29903CAD00DD7491;
			remoteInfo = "First Project";
		};
/* End PBXContainerItemProxy section */

/* Begin PBXFileReference section */
		412310D029903CAD00DD7491 /* First Project.app */ = {isa = PBXFileReference; explicitFileType = wrapper.application; includeInIndex = 0; path = "First Project.app"; sourceTree = BUILT_PRODUCTS_DIR; };
		412310D329903CAD00DD7491 /* First_ProjectApp.swift */ = {isa = PBXFileReference; lastKnownFileType = sourcecode.swift; path = First_ProjectApp.swift; sourceTree = "<group>"; };
		412310D529903CAD00DD7491 /* ContentView.swift */ = {isa = PBXFileReference; lastKnownFileType = sourcecode.swift; path = ContentView.swift; sourceTree = "<group>"; };
		412310D729903CAF00DD7491 /* Assets.xcassets */ = {isa = PBXFileReference; lastKnownFileType = folder.assetcatalog; path = Assets.xcassets; sourceTree = "<group>"; };
		412310DA29903CAF00DD7491 /* Preview Assets.xcassets */ = {isa = PBXFileReference; lastKnownFileType = folder.assetcatalog; path = "Preview Assets.xcassets"; sourceTree = "<group>"; };
		412310E029903CAF00DD7491 /* First ProjectTests.xctest */ = {isa = PBXFileReference; explicitFileType = wrapper.cfbundle; includeInIndex = 0; path = "First ProjectTests.xctest"; sourceTree = BUILT_PRODUCTS_DIR; };
		412310E429903CAF00DD7491 /* First_ProjectTests.swift */ = {isa = PBXFileReference; lastKnownFileType = sourcecode.swift; path = First_ProjectTests.swift; sourceTree = "<group>"; };
		412310EA29903CAF00DD7491 /* First ProjectUITests.xctest */ = {isa = PBXFileReference; explicitFileType = wrapper.cfbundle; includeInIndex = 0; path = "First ProjectUITests.xctest"; sourceTree = BUILT_PRODUCTS_DIR; };
		412310EE29903CAF00DD7491 /* First_ProjectUITests.swift */ = {isa = PBXFileReference; lastKnownFileType = sourcecode.swift; path = First_ProjectUITests.swift; sourceTree = "<group>"; };
		412310F029903CAF00DD7491 /* First_ProjectUITestsLaunchTests.swift */ = {isa = PBXFileReference; lastKnownFileType = sourcecode.swift; path = First_ProjectUITestsLaunchTests.swift; sourceTree = "<group>"; };
		412310FD29923E4F00DD7491 /* TotalText.swift */ = {isa = PBXFileReference; lastKnownFileType = sourcecode.swift; path = TotalText.swift; sourceTree = "<group>"; };
		412310FF2992408200DD7491 /* CalculatorButton.swift */ = {isa = PBXFileReference; lastKnownFileType = sourcecode.swift; path = CalculatorButton.swift; sourceTree = "<group>"; };
/* End PBXFileReference section */

/* Begin PBXFrameworksBuildPhase section */
		412310CD29903CAD00DD7491 /* Frameworks */ = {
			isa = PBXFrameworksBuildPhase;
			buildActionMask = 2147483647;
			files = (
			);
			runOnlyForDeploymentPostprocessing = 0;
		};
		412310DD29903CAF00DD7491 /* Frameworks */ = {
			isa = PBXFrameworksBuildPhase;
			buildActionMask = 2147483647;
			files = (
			);
			runOnlyForDeploymentPostprocessing = 0;
		};
		412310E729903CAF00DD7491 /* Frameworks */ = {
			isa = PBXFrameworksBuildPhase;
			buildActionMask = 2147483647;
			files = (
			);
			runOnlyForDeploymentPostprocessing = 0;
		};
/* End PBXFrameworksBuildPhase section */

/* Begin PBXGroup section */
		412310C729903CAD00DD7491 = {
			isa = PBXGroup;
			children = (
				412310D229903CAD00DD7491 /* First Project */,
				412310E329903CAF00DD7491 /* First ProjectTests */,
				412310ED29903CAF00DD7491 /* First ProjectUITests */,
				412310D129903CAD00DD7491 /* Products */,
			);
			sourceTree = "<group>";
		};
		412310D129903CAD00DD7491 /* Products */ = {
			isa = PBXGroup;
			children = (
				412310D029903CAD00DD7491 /* First Project.app */,
				412310E029903CAF00DD7491 /* First ProjectTests.xctest */,
				412310EA29903CAF00DD7491 /* First ProjectUITests.xctest */,
			);
			name = Products;
			sourceTree = "<group>";
		};
		412310D229903CAD00DD7491 /* First Project */ = {
			isa = PBXGroup;
			children = (
				412310D329903CAD00DD7491 /* First_ProjectApp.swift */,
				412310FD29923E4F00DD7491 /* TotalText.swift */,
				412310FF2992408200DD7491 /* CalculatorButton.swift */,
				412310D529903CAD00DD7491 /* ContentView.swift */,
				412310D729903CAF00DD7491 /* Assets.xcassets */,
				412310D929903CAF00DD7491 /* Preview Content */,
			);
			path = "First Project";
			sourceTree = "<group>";
		};
		412310D929903CAF00DD7491 /* Preview Content */ = {
			isa = PBXGroup;
			children = (
				412310DA29903CAF00DD7491 /* Preview Assets.xcassets */,
			);
			path = "Preview Content";
			sourceTree = "<group>";
		};
		412310E329903CAF00DD7491 /* First ProjectTests */ = {
			isa = PBXGroup;
			children = (
				412310E429903CAF00DD7491 /* First_ProjectTests.swift */,
			);
			path = "First ProjectTests";
			sourceTree = "<group>";
		};
		412310ED29903CAF00DD7491 /* First ProjectUITests */ = {
			isa = PBXGroup;
			children = (
				412310EE29903CAF00DD7491 /* First_ProjectUITests.swift */,
				412310F029903CAF00DD7491 /* First_ProjectUITestsLaunchTests.swift */,
			);
			path = "First ProjectUITests";
			sourceTree = "<group>";
		};
/* End PBXGroup section */

/* Begin PBXNativeTarget section */
		412310CF29903CAD00DD7491 /* First Project */ = {
			isa = PBXNativeTarget;
			buildConfigurationList = 412310F429903CAF00DD7491 /* Build configuration list for PBXNativeTarget "First Project" */;
			buildPhases = (
				412310CC29903CAD00DD7491 /* Sources */,
				412310CD29903CAD00DD7491 /* Frameworks */,
				412310CE29903CAD00DD7491 /* Resources */,
			);
			buildRules = (
			);
			dependencies = (
			);
			name = "First Project";
			productName = "First Project";
			productReference = 412310D029903CAD00DD7491 /* First Project.app */;
			productType = "com.apple.product-type.application";
		};
		412310DF29903CAF00DD7491 /* First ProjectTests */ = {
			isa = PBXNativeTarget;
			buildConfigurationList = 412310F729903CAF00DD7491 /* Build configuration list for PBXNativeTarget "First ProjectTests" */;
			buildPhases = (
				412310DC29903CAF00DD7491 /* Sources */,
				412310DD29903CAF00DD7491 /* Frameworks */,
				412310DE29903CAF00DD7491 /* Resources */,
			);
			buildRules = (
			);
			dependencies = (
				412310E229903CAF00DD7491 /* PBXTargetDependency */,
			);
			name = "First ProjectTests";
			productName = "First ProjectTests";
			productReference = 412310E029903CAF00DD7491 /* First ProjectTests.xctest */;
			productType = "com.apple.product-type.bundle.unit-test";
		};
		412310E929903CAF00DD7491 /* First ProjectUITests */ = {
			isa = PBXNativeTarget;
			buildConfigurationList = 412310FA29903CAF00DD7491 /* Build configuration list for PBXNativeTarget "First ProjectUITests" */;
			buildPhases = (
				412310E629903CAF00DD7491 /* Sources */,
				412310E729903CAF00DD7491 /* Frameworks */,
				412310E829903CAF00DD7491 /* Resources */,
			);
			buildRules = (
			);
			dependencies = (
				412310EC29903CAF00DD7491 /* PBXTargetDependency */,
			);
			name = "First ProjectUITests";
			productName = "First ProjectUITests";
			productReference = 412310EA29903CAF00DD7491 /* First ProjectUITests.xctest */;
			productType = "com.apple.product-type.bundle.ui-testing";
		};
/* End PBXNativeTarget section */

/* Begin PBXProject section */
		412310C829903CAD00DD7491 /* Project object */ = {
			isa = PBXProject;
			attributes = {
				BuildIndependentTargetsInParallel = 1;
				LastSwiftUpdateCheck = 1420;
				LastUpgradeCheck = 1420;
				TargetAttributes = {
					412310CF29903CAD00DD7491 = {
						CreatedOnToolsVersion = 14.2;
					};
					412310DF29903CAF00DD7491 = {
						CreatedOnToolsVersion = 14.2;
						TestTargetID = 412310CF29903CAD00DD7491;
					};
					412310E929903CAF00DD7491 = {
						CreatedOnToolsVersion = 14.2;
						TestTargetID = 412310CF29903CAD00DD7491;
					};
				};
			};
			buildConfigurationList = 412310CB29903CAD00DD7491 /* Build configuration list for PBXProject "First Project" */;
			compatibilityVersion = "Xcode 14.0";
			developmentRegion = en;
			hasScannedForEncodings = 0;
			knownRegions = (
				en,
				Base,
			);
			mainGroup = 412310C729903CAD00DD7491;
			productRefGroup = 412310D129903CAD00DD7491 /* Products */;
			projectDirPath = "";
			projectRoot = "";
			targets = (
				412310CF29903CAD00DD7491 /* First Project */,
				412310DF29903CAF00DD7491 /* First ProjectTests */,
				412310E929903CAF00DD7491 /* First ProjectUITests */,
			);
		};
/* End PBXProject section */

/* Begin PBXResourcesBuildPhase section */
		412310CE29903CAD00DD7491 /* Resources */ = {
			isa = PBXResourcesBuildPhase;
			buildActionMask = 2147483647;
			files = (
				412310DB29903CAF00DD7491 /* Preview Assets.xcassets in Resources */,
				412310D829903CAF00DD7491 /* Assets.xcassets in Resources */,
			);
			runOnlyForDeploymentPostprocessing = 0;
		};
		412310DE29903CAF00DD7491 /* Resources */ = {
			isa = PBXResourcesBuildPhase;
			buildActionMask = 2147483647;
			files = (
			);
			runOnlyForDeploymentPostprocessing = 0;
		};
		412310E829903CAF00DD7491 /* Resources */ = {
			isa = PBXResourcesBuildPhase;
			buildActionMask = 2147483647;
			files = (
			);
			runOnlyForDeploymentPostprocessing = 0;
		};
/* End PBXResourcesBuildPhase section */

/* Begin PBXSourcesBuildPhase section */
		412310CC29903CAD00DD7491 /* Sources */ = {
			isa = PBXSourcesBuildPhase;
			buildActionMask = 2147483647;
			files = (
				412310D629903CAD00DD7491 /* ContentView.swift in Sources */,
				412310D429903CAD00DD7491 /* First_ProjectApp.swift in Sources */,
				412310FE29923E4F00DD7491 /* TotalText.swift in Sources */,
				412311002992408200DD7491 /* CalculatorButton.swift in Sources */,
			);
			runOnlyForDeploymentPostprocessing = 0;
		};
		412310DC29903CAF00DD7491 /* Sources */ = {
			isa = PBXSourcesBuildPhase;
			buildActionMask = 2147483647;
			files = (
				412310E529903CAF00DD7491 /* First_ProjectTests.swift in Sources */,
			);
			runOnlyForDeploymentPostprocessing = 0;
		};
		412310E629903CAF00DD7491 /* Sources */ = {
			isa = PBXSourcesBuildPhase;
			buildActionMask = 2147483647;
			files = (
				412310EF29903CAF00DD7491 /* First_ProjectUITests.swift in Sources */,
				412310F129903CAF00DD7491 /* First_ProjectUITestsLaunchTests.swift in Sources */,
			);
			runOnlyForDeploymentPostprocessing = 0;
		};
/* End PBXSourcesBuildPhase section */

/* Begin PBXTargetDependency section */
		412310E229903CAF00DD7491 /* PBXTargetDependency */ = {
			isa = PBXTargetDependency;
			target = 412310CF29903CAD00DD7491 /* First Project */;
			targetProxy = 412310E129903CAF00DD7491 /* PBXContainerItemProxy */;
		};
		412310EC29903CAF00DD7491 /* PBXTargetDependency */ = {
			isa = PBXTargetDependency;
			target = 412310CF29903CAD00DD7491 /* First Project */;
			targetProxy = 412310EB29903CAF00DD7491 /* PBXContainerItemProxy */;
		};
/* End PBXTargetDependency section */

/* Begin XCBuildConfiguration section */
		412310F229903CAF00DD7491 /* Debug */ = {
			isa = XCBuildConfiguration;
			buildSettings = {
				ALWAYS_SEARCH_USER_PATHS = NO;
				CLANG_ANALYZER_NONNULL = YES;
				CLANG_ANALYZER_NUMBER_OBJECT_CONVERSION = YES_AGGRESSIVE;
				CLANG_CXX_LANGUAGE_STANDARD = "gnu++20";
				CLANG_ENABLE_MODULES = YES;
				CLANG_ENABLE_OBJC_ARC = YES;
				CLANG_ENABLE_OBJC_WEAK = YES;
				CLANG_WARN_BLOCK_CAPTURE_AUTORELEASING = YES;
				CLANG_WARN_BOOL_CONVERSION = YES;
				CLANG_WARN_COMMA = YES;
				CLANG_WARN_CONSTANT_CONVERSION = YES;
				CLANG_WARN_DEPRECATED_OBJC_IMPLEMENTATIONS = YES;
				CLANG_WARN_DIRECT_OBJC_ISA_USAGE = YES_ERROR;
				CLANG_WARN_DOCUMENTATION_COMMENTS = YES;
				CLANG_WARN_EMPTY_BODY = YES;
				CLANG_WARN_ENUM_CONVERSION = YES;
				CLANG_WARN_INFINITE_RECURSION = YES;
				CLANG_WARN_INT_CONVERSION = YES;
				CLANG_WARN_NON_LITERAL_NULL_CONVERSION = YES;
				CLANG_WARN_OBJC_IMPLICIT_RETAIN_SELF = YES;
				CLANG_WARN_OBJC_LITERAL_CONVERSION = YES;
				CLANG_WARN_OBJC_ROOT_CLASS = YES_ERROR;
				CLANG_WARN_QUOTED_INCLUDE_IN_FRAMEWORK_HEADER = YES;
				CLANG_WARN_RANGE_LOOP_ANALYSIS = YES;
				CLANG_WARN_STRICT_PROTOTYPES = YES;
				CLANG_WARN_SUSPICIOUS_MOVE = YES;
				CLANG_WARN_UNGUARDED_AVAILABILITY = YES_AGGRESSIVE;
				CLANG_WARN_UNREACHABLE_CODE = YES;
				CLANG_WARN__DUPLICATE_METHOD_MATCH = YES;
				COPY_PHASE_STRIP = NO;
				DEBUG_INFORMATION_FORMAT = dwarf;
				ENABLE_STRICT_OBJC_MSGSEND = YES;
				ENABLE_TESTABILITY = YES;
				GCC_C_LANGUAGE_STANDARD = gnu11;
				GCC_DYNAMIC_NO_PIC = NO;
				GCC_NO_COMMON_BLOCKS = YES;
				GCC_OPTIMIZATION_LEVEL = 0;
				GCC_PREPROCESSOR_DEFINITIONS = (
					"DEBUG=1",
					"$(inherited)",
				);
				GCC_WARN_64_TO_32_BIT_CONVERSION = YES;
				GCC_WARN_ABOUT_RETURN_TYPE = YES_ERROR;
				GCC_WARN_UNDECLARED_SELECTOR = YES;
				GCC_WARN_UNINITIALIZED_AUTOS = YES_AGGRESSIVE;
				GCC_WARN_UNUSED_FUNCTION = YES;
				GCC_WARN_UNUSED_VARIABLE = YES;
				IPHONEOS_DEPLOYMENT_TARGET = 16.2;
				MTL_ENABLE_DEBUG_INFO = INCLUDE_SOURCE;
				MTL_FAST_MATH = YES;
				ONLY_ACTIVE_ARCH = YES;
				SDKROOT = iphoneos;
				SWIFT_ACTIVE_COMPILATION_CONDITIONS = DEBUG;
				SWIFT_OPTIMIZATION_LEVEL = "-Onone";
			};
			name = Debug;
		};
		412310F329903CAF00DD7491 /* Release */ = {
			isa = XCBuildConfiguration;
			buildSettings = {
				ALWAYS_SEARCH_USER_PATHS = NO;
				CLANG_ANALYZER_NONNULL = YES;
				CLANG_ANALYZER_NUMBER_OBJECT_CONVERSION = YES_AGGRESSIVE;
				CLANG_CXX_LANGUAGE_STANDARD = "gnu++20";
				CLANG_ENABLE_MODULES = YES;
				CLANG_ENABLE_OBJC_ARC = YES;
				CLANG_ENABLE_OBJC_WEAK = YES;
				CLANG_WARN_BLOCK_CAPTURE_AUTORELEASING = YES;
				CLANG_WARN_BOOL_CONVERSION = YES;
				CLANG_WARN_COMMA = YES;
				CLANG_WARN_CONSTANT_CONVERSION = YES;
				CLANG_WARN_DEPRECATED_OBJC_IMPLEMENTATIONS = YES;
				CLANG_WARN_DIRECT_OBJC_ISA_USAGE = YES_ERROR;
				CLANG_WARN_DOCUMENTATION_COMMENTS = YES;
				CLANG_WARN_EMPTY_BODY = YES;
				CLANG_WARN_ENUM_CONVERSION = YES;
				CLANG_WARN_INFINITE_RECURSION = YES;
				CLANG_WARN_INT_CONVERSION = YES;
				CLANG_WARN_NON_LITERAL_NULL_CONVERSION = YES;
				CLANG_WARN_OBJC_IMPLICIT_RETAIN_SELF = YES;
				CLANG_WARN_OBJC_LITERAL_CONVERSION = YES;
				CLANG_WARN_OBJC_ROOT_CLASS = YES_ERROR;
				CLANG_WARN_QUOTED_INCLUDE_IN_FRAMEWORK_HEADER = YES;
				CLANG_WARN_RANGE_LOOP_ANALYSIS = YES;
				CLANG_WARN_STRICT_PROTOTYPES = YES;
				CLANG_WARN_SUSPICIOUS_MOVE = YES;
				CLANG_WARN_UNGUARDED_AVAILABILITY = YES_AGGRESSIVE;
				CLANG_WARN_UNREACHABLE_CODE = YES;
				CLANG_WARN__DUPLICATE_METHOD_MATCH = YES;
				COPY_PHASE_STRIP = NO;
				DEBUG_INFORMATION_FORMAT = "dwarf-with-dsym";
				ENABLE_NS_ASSERTIONS = NO;
				ENABLE_STRICT_OBJC_MSGSEND = YES;
				GCC_C_LANGUAGE_STANDARD = gnu11;
				GCC_NO_COMMON_BLOCKS = YES;
				GCC_WARN_64_TO_32_BIT_CONVERSION = YES;
				GCC_WARN_ABOUT_RETURN_TYPE = YES_ERROR;
				GCC_WARN_UNDECLARED_SELECTOR = YES;
				GCC_WARN_UNINITIALIZED_AUTOS = YES_AGGRESSIVE;
				GCC_WARN_UNUSED_FUNCTION = YES;
				GCC_WARN_UNUSED_VARIABLE = YES;
				IPHONEOS_DEPLOYMENT_TARGET = 16.2;
				MTL_ENABLE_DEBUG_INFO = NO;
				MTL_FAST_MATH = YES;
				SDKROOT = iphoneos;
				SWIFT_COMPILATION_MODE = wholemodule;
				SWIFT_OPTIMIZATION_LEVEL = "-O";
				VALIDATE_PRODUCT = YES;
			};
			name = Release;
		};
		412310F529903CAF00DD7491 /* Debug */ = {
			isa = XCBuildConfiguration;
			buildSettings = {
				ASSETCATALOG_COMPILER_APPICON_NAME = AppIcon;
				ASSETCATALOG_COMPILER_GLOBAL_ACCENT_COLOR_NAME = AccentColor;
				CODE_SIGN_STYLE = Automatic;
				CURRENT_PROJECT_VERSION = 1;
				DEVELOPMENT_ASSET_PATHS = "\"First Project/Preview Content\"";
				ENABLE_PREVIEWS = YES;
				GENERATE_INFOPLIST_FILE = YES;
				INFOPLIST_KEY_UIApplicationSceneManifest_Generation = YES;
				INFOPLIST_KEY_UIApplicationSupportsIndirectInputEvents = YES;
				INFOPLIST_KEY_UILaunchScreen_Generation = YES;
				INFOPLIST_KEY_UISupportedInterfaceOrientations_iPad = "UIInterfaceOrientationPortrait UIInterfaceOrientationPortraitUpsideDown UIInterfaceOrientationLandscapeLeft UIInterfaceOrientationLandscapeRight";
				INFOPLIST_KEY_UISupportedInterfaceOrientations_iPhone = "UIInterfaceOrientationPortrait UIInterfaceOrientationLandscapeLeft UIInterfaceOrientationLandscapeRight";
				LD_RUNPATH_SEARCH_PATHS = (
					"$(inherited)",
					"@executable_path/Frameworks",
				);
				MARKETING_VERSION = 1.0;
				PRODUCT_BUNDLE_IDENTIFIER = "Hello.First-Project";
				PRODUCT_NAME = "$(TARGET_NAME)";
				SWIFT_EMIT_LOC_STRINGS = YES;
				SWIFT_VERSION = 5.0;
				TARGETED_DEVICE_FAMILY = "1,2";
			};
			name = Debug;
		};
		412310F629903CAF00DD7491 /* Release */ = {
			isa = XCBuildConfiguration;
			buildSettings = {
				ASSETCATALOG_COMPILER_APPICON_NAME = AppIcon;
				ASSETCATALOG_COMPILER_GLOBAL_ACCENT_COLOR_NAME = AccentColor;
				CODE_SIGN_STYLE = Automatic;
				CURRENT_PROJECT_VERSION = 1;
				DEVELOPMENT_ASSET_PATHS = "\"First Project/Preview Content\"";
				ENABLE_PREVIEWS = YES;
				GENERATE_INFOPLIST_FILE = YES;
				INFOPLIST_KEY_UIApplicationSceneManifest_Generation = YES;
				INFOPLIST_KEY_UIApplicationSupportsIndirectInputEvents = YES;
				INFOPLIST_KEY_UILaunchScreen_Generation = YES;
				INFOPLIST_KEY_UISupportedInterfaceOrientations_iPad = "UIInterfaceOrientationPortrait UIInterfaceOrientationPortraitUpsideDown UIInterfaceOrientationLandscapeLeft UIInterfaceOrientationLandscapeRight";
				INFOPLIST_KEY_UISupportedInterfaceOrientations_iPhone = "UIInterfaceOrientationPortrait UIInterfaceOrientationLandscapeLeft UIInterfaceOrientationLandscapeRight";
				LD_RUNPATH_SEARCH_PATHS = (
					"$(inherited)",
					"@executable_path/Frameworks",
				);
				MARKETING_VERSION = 1.0;
				PRODUCT_BUNDLE_IDENTIFIER = "Hello.First-Project";
				PRODUCT_NAME = "$(TARGET_NAME)";
				SWIFT_EMIT_LOC_STRINGS = YES;
				SWIFT_VERSION = 5.0;
				TARGETED_DEVICE_FAMILY = "1,2";
			};
			name = Release;
		};
		412310F829903CAF00DD7491 /* Debug */ = {
			isa = XCBuildConfiguration;
			buildSettings = {
				ALWAYS_EMBED_SWIFT_STANDARD_LIBRARIES = YES;
				BUNDLE_LOADER = "$(TEST_HOST)";
				CODE_SIGN_STYLE = Automatic;
				CURRENT_PROJECT_VERSION = 1;
				GENERATE_INFOPLIST_FILE = YES;
				IPHONEOS_DEPLOYMENT_TARGET = 16.2;
				MARKETING_VERSION = 1.0;
				PRODUCT_BUNDLE_IDENTIFIER = "Hello.First-ProjectTests";
				PRODUCT_NAME = "$(TARGET_NAME)";
				SWIFT_EMIT_LOC_STRINGS = NO;
				SWIFT_VERSION = 5.0;
				TARGETED_DEVICE_FAMILY = "1,2";
				TEST_HOST = "$(BUILT_PRODUCTS_DIR)/First Project.app/$(BUNDLE_EXECUTABLE_FOLDER_PATH)/First Project";
			};
			name = Debug;
		};
		412310F929903CAF00DD7491 /* Release */ = {
			isa = XCBuildConfiguration;
			buildSettings = {
				ALWAYS_EMBED_SWIFT_STANDARD_LIBRARIES = YES;
				BUNDLE_LOADER = "$(TEST_HOST)";
				CODE_SIGN_STYLE = Automatic;
				CURRENT_PROJECT_VERSION = 1;
				GENERATE_INFOPLIST_FILE = YES;
				IPHONEOS_DEPLOYMENT_TARGET = 16.2;
				MARKETING_VERSION = 1.0;
				PRODUCT_BUNDLE_IDENTIFIER = "Hello.First-ProjectTests";
				PRODUCT_NAME = "$(TARGET_NAME)";
				SWIFT_EMIT_LOC_STRINGS = NO;
				SWIFT_VERSION = 5.0;
				TARGETED_DEVICE_FAMILY = "1,2";
				TEST_HOST = "$(BUILT_PRODUCTS_DIR)/First Project.app/$(BUNDLE_EXECUTABLE_FOLDER_PATH)/First Project";
			};
			name = Release;
		};
		412310FB29903CAF00DD7491 /* Debug */ = {
			isa = XCBuildConfiguration;
			buildSettings = {
				ALWAYS_EMBED_SWIFT_STANDARD_LIBRARIES = YES;
				CODE_SIGN_STYLE = Automatic;
				CURRENT_PROJECT_VERSION = 1;
				GENERATE_INFOPLIST_FILE = YES;
				MARKETING_VERSION = 1.0;
				PRODUCT_BUNDLE_IDENTIFIER = "Hello.First-ProjectUITests";
				PRODUCT_NAME = "$(TARGET_NAME)";
				SWIFT_EMIT_LOC_STRINGS = NO;
				SWIFT_VERSION = 5.0;
				TARGETED_DEVICE_FAMILY = "1,2";
				TEST_TARGET_NAME = "First Project";
			};
			name = Debug;
		};
		412310FC29903CAF00DD7491 /* Release */ = {
			isa = XCBuildConfiguration;
			buildSettings = {
				ALWAYS_EMBED_SWIFT_STANDARD_LIBRARIES = YES;
				CODE_SIGN_STYLE = Automatic;
				CURRENT_PROJECT_VERSION = 1;
				GENERATE_INFOPLIST_FILE = YES;
				MARKETING_VERSION = 1.0;
				PRODUCT_BUNDLE_IDENTIFIER = "Hello.First-ProjectUITests";
				PRODUCT_NAME = "$(TARGET_NAME)";
				SWIFT_EMIT_LOC_STRINGS = NO;
				SWIFT_VERSION = 5.0;
				TARGETED_DEVICE_FAMILY = "1,2";
				TEST_TARGET_NAME = "First Project";
			};
			name = Release;
		};
/* End XCBuildConfiguration section */

/* Begin XCConfigurationList section */
		412310CB29903CAD00DD7491 /* Build configuration list for PBXProject "First Project" */ = {
			isa = XCConfigurationList;
			buildConfigurations = (
				412310F229903CAF00DD7491 /* Debug */,
				412310F329903CAF00DD7491 /* Release */,
			);
			defaultConfigurationIsVisible = 0;
			defaultConfigurationName = Release;
		};
		412310F429903CAF00DD7491 /* Build configuration list for PBXNativeTarget "First Project" */ = {
			isa = XCConfigurationList;
			buildConfigurations = (
				412310F529903CAF00DD7491 /* Debug */,
				412310F629903CAF00DD7491 /* Release */,
			);
			defaultConfigurationIsVisible = 0;
			defaultConfigurationName = Release;
		};
		412310F729903CAF00DD7491 /* Build configuration list for PBXNativeTarget "First ProjectTests" */ = {
			isa = XCConfigurationList;
			buildConfigurations = (
				412310F829903CAF00DD7491 /* Debug */,
				412310F929903CAF00DD7491 /* Release */,
			);
			defaultConfigurationIsVisible = 0;
			defaultConfigurationName = Release;
		};
		412310FA29903CAF00DD7491 /* Build configuration list for PBXNativeTarget "First ProjectUITests" */ = {
			isa = XCConfigurationList;
			buildConfigurations = (
				412310FB29903CAF00DD7491 /* Debug */,
				412310FC29903CAF00DD7491 /* Release */,
			);
			defaultConfigurationIsVisible = 0;
			defaultConfigurationName = Release;
		};
/* End XCConfigurationList section */
	};
	rootObject = 412310C829903CAD00DD7491 /* Project object */;
}
